
Microsoft Visual Studio Solution File, Format Version 12.00
# Visual Studio Version 16
VisualStudioVersion = 16.0.29215.179
MinimumVisualStudioVersion = 10.0.40219.1
Project("{FAE04EC0-301F-11D3-BF4B-00C04F79EFBC}") = "WindowsFormsApp1", "WindowsFormsApp1\WindowsFormsApp1.csproj", "{60E20328-32E7-4C3E-9B41-69551018C5C9}"
EndProject
Global
	GlobalSection(SolutionConfigurationPlatforms) = preSolution
		Debug|Any CPU = Debug|Any CPU
		Release|Any CPU = Release|Any CPU
	EndGlobalSection
	GlobalSection(ProjectConfigurationPlatforms) = postSolution
		{60E20328-32E7-4C3E-9B41-69551018C5C9}.Debug|Any CPU.ActiveCfg = Release|Any CPU
		{60E20328-32E7-4C3E-9B41-69551018C5C9}.Debug|Any CPU.Build.0 = Release|Any CPU
		{60E20328-32E7-4C3E-9B41-69551018C5C9}.Release|Any CPU.ActiveCfg = Release|Any CPU
		{60E20328-32E7-4C3E-9B41-69551018C5C9}.Release|Any CPU.Build.0 = Release|Any CPU
	EndGlobalSection
	GlobalSection(SolutionProperties) = preSolution
		HideSolutionNode = FALSE
	EndGlobalSection
	GlobalSection(ExtensibilityGlobals) = postSolution
		SolutionGuid = {946B2051-5EFB-4C2E-ABF9-D39100A25DE4}
	EndGlobalSection
EndGlobal
